[[package]]
name = "gen"
version = "0.0.0"
dependencies = [
 "leb128 0.2.3 (registry+https://github.com/rust-lang/crates.io-index)",
 "ucd-raw 0.5.0 (registry+https://github.com/rust-lang/crates.io-index)",
]

[[package]]
name = "leb128"
version = "0.2.3"
source = "registry+https://github.com/rust-lang/crates.io-index"

[[package]]
name = "ucd-raw"
version = "0.5.0"
source = "registry+https://github.com/rust-lang/crates.io-index"

[metadata]
"checksum leb128 0.2.3 (registry+https://github.com/rust-lang/crates.io-index)" = "667858d20b00532d1f54049323beb1e352df59664d16aa9c2de8a9e257d1e994"
"checksum ucd-raw 0.5.0 (registry+https://github.com/rust-lang/crates.io-index)" = "a42b4f60373d1ae9efa1bb0761116dd96d5bf6533306891fce1138b791d8e01f"
